
Microsoft Visual Studio Solution File, Format Version 12.00
# Visual Studio Version 17
VisualStudioVersion = 17.4.33110.190
MinimumVisualStudioVersion = 10.0.40219.1
Project("{FAE04EC0-301F-11D3-BF4B-00C04F79EFBC}") = "PrimeiroProjeto", "PrimeiroProjeto\PrimeiroProjeto.csproj", "{54C1ED72-9C68-458F-BCC2-85F88D5D2DAB}"
EndProject
Global
	GlobalSection(SolutionConfigurationPlatforms) = preSolution
		Debug|Any CPU = Debug|Any CPU
		Release|Any CPU = Release|Any CPU
	EndGlobalSection
	GlobalSection(ProjectConfigurationPlatforms) = postSolution
		{54C1ED72-9C68-458F-BCC2-85F88D5D2DAB}.Debug|Any CPU.ActiveCfg = Debug|Any CPU
		{54C1ED72-9C68-458F-BCC2-85F88D5D2DAB}.Debug|Any CPU.Build.0 = Debug|Any CPU
		{54C1ED72-9C68-458F-BCC2-85F88D5D2DAB}.Release|Any CPU.ActiveCfg = Release|Any CPU
		{54C1ED72-9C68-458F-BCC2-85F88D5D2DAB}.Release|Any CPU.Build.0 = Release|Any CPU
	EndGlobalSection
	GlobalSection(SolutionProperties) = preSolution
		HideSolutionNode = FALSE
	EndGlobalSection
	GlobalSection(ExtensibilityGlobals) = postSolution
		SolutionGuid = {AB999D2A-3739-4478-BCC1-E2B88CA7A3C1}
	EndGlobalSection
EndGlobal
